
Microsoft Visual Studio Solution File, Format Version 12.00
# Visual Studio 15
VisualStudioVersion = 15.0.27130.2036
MinimumVisualStudioVersion = 10.0.40219.1
Project("{FAE04EC0-301F-11D3-BF4B-00C04F79EFBC}") = "UITrainingApp.Android", "UITrainingApp\UITrainingApp.Android\UITrainingApp.Android.csproj", "{61FF6BE3-530A-468C-896F-4EBE0B6B1E7C}"
EndProject
Project("{FAE04EC0-301F-11D3-BF4B-00C04F79EFBC}") = "UITrainingApp.iOS", "UITrainingApp\UITrainingApp.iOS\UITrainingApp.iOS.csproj", "{1B447C7A-A8BB-4C44-AF9C-C330EFF92922}"
EndProject
Project("{FAE04EC0-301F-11D3-BF4B-00C04F79EFBC}") = "UITrainingApp", "UITrainingApp\UITrainingApp\UITrainingApp.csproj", "{C778B957-6FE4-459D-8A8A-998C22DD737D}"
EndProject
Global
	GlobalSection(SolutionConfigurationPlatforms) = preSolution
		Ad-Hoc|Any CPU = Ad-Hoc|Any CPU
		Ad-Hoc|iPhone = Ad-Hoc|iPhone
		Ad-Hoc|iPhoneSimulator = Ad-Hoc|iPhoneSimulator
		AppStore|Any CPU = AppStore|Any CPU
		AppStore|iPhone = AppStore|iPhone
		AppStore|iPhoneSimulator = AppStore|iPhoneSimulator
		Debug|Any CPU = Debug|Any CPU
		Debug|iPhone = Debug|iPhone
		Debug|iPhoneSimulator = Debug|iPhoneSimulator
		Release|Any CPU = Release|Any CPU
		Release|iPhone = Release|iPhone
		Release|iPhoneSimulator = Release|iPhoneSimulator
	EndGlobalSection
	GlobalSection(ProjectConfigurationPlatforms) = postSolution
		{61FF6BE3-530A-468C-896F-4EBE0B6B1E7C}.Ad-Hoc|Any CPU.ActiveCfg = Release|Any CPU
		{61FF6BE3-530A-468C-896F-4EBE0B6B1E7C}.Ad-Hoc|Any CPU.Build.0 = Release|Any CPU
		{61FF6BE3-530A-468C-896F-4EBE0B6B1E7C}.Ad-Hoc|Any CPU.Deploy.0 = Release|Any CPU
		{61FF6BE3-530A-468C-896F-4EBE0B6B1E7C}.Ad-Hoc|iPhone.ActiveCfg = Release|Any CPU
		{61FF6BE3-530A-468C-896F-4EBE0B6B1E7C}.Ad-Hoc|iPhone.Build.0 = Release|Any CPU
		{61FF6BE3-530A-468C-896F-4EBE0B6B1E7C}.Ad-Hoc|iPhone.Deploy.0 = Release|Any CPU
		{61FF6BE3-530A-468C-896F-4EBE0B6B1E7C}.Ad-Hoc|iPhoneSimulator.ActiveCfg = Release|Any CPU
		{61FF6BE3-530A-468C-896F-4EBE0B6B1E7C}.Ad-Hoc|iPhoneSimulator.Build.0 = Release|Any CPU
		{61FF6BE3-530A-468C-896F-4EBE0B6B1E7C}.Ad-Hoc|iPhoneSimulator.Deploy.0 = Release|Any CPU
		{61FF6BE3-530A-468C-896F-4EBE0B6B1E7C}.AppStore|Any CPU.ActiveCfg = Release|Any CPU
		{61FF6BE3-530A-468C-896F-4EBE0B6B1E7C}.AppStore|Any CPU.Build.0 = Release|Any CPU
		{61FF6BE3-530A-468C-896F-4EBE0B6B1E7C}.AppStore|Any CPU.Deploy.0 = Release|Any CPU
		{61FF6BE3-530A-468C-896F-4EBE0B6B1E7C}.AppStore|iPhone.ActiveCfg = Release|Any CPU
		{61FF6BE3-530A-468C-896F-4EBE0B6B1E7C}.AppStore|iPhone.Build.0 = Release|Any CPU
		{61FF6BE3-530A-468C-896F-4EBE0B6B1E7C}.AppStore|iPhone.Deploy.0 = Release|Any CPU
		{61FF6BE3-530A-468C-896F-4EBE0B6B1E7C}.AppStore|iPhoneSimulator.ActiveCfg = Release|Any CPU
		{61FF6BE3-530A-468C-896F-4EBE0B6B1E7C}.AppStore|iPhoneSimulator.Build.0 = Release|Any CPU
		{61FF6BE3-530A-468C-896F-4EBE0B6B1E7C}.AppStore|iPhoneSimulator.Deploy.0 = Release|Any CPU
		{61FF6BE3-530A-468C-896F-4EBE0B6B1E7C}.Debug|Any CPU.ActiveCfg = Debug|Any CPU
		{61FF6BE3-530A-468C-896F-4EBE0B6B1E7C}.Debug|Any CPU.Build.0 = Debug|Any CPU
		{61FF6BE3-530A-468C-896F-4EBE0B6B1E7C}.Debug|Any CPU.Deploy.0 = Debug|Any CPU
		{61FF6BE3-530A-468C-896F-4EBE0B6B1E7C}.Debug|iPhone.ActiveCfg = Debug|Any CPU
		{61FF6BE3-530A-468C-896F-4EBE0B6B1E7C}.Debug|iPhone.Build.0 = Debug|Any CPU
		{61FF6BE3-530A-468C-896F-4EBE0B6B1E7C}.Debug|iPhone.Deploy.0 = Debug|Any CPU
		{61FF6BE3-530A-468C-896F-4EBE0B6B1E7C}.Debug|iPhoneSimulator.ActiveCfg = Debug|Any CPU
		{61FF6BE3-530A-468C-896F-4EBE0B6B1E7C}.Debug|iPhoneSimulator.Build.0 = Debug|Any CPU
		{61FF6BE3-530A-468C-896F-4EBE0B6B1E7C}.Debug|iPhoneSimulator.Deploy.0 = Debug|Any CPU
		{61FF6BE3-530A-468C-896F-4EBE0B6B1E7C}.Release|Any CPU.ActiveCfg = Release|Any CPU
		{61FF6BE3-530A-468C-896F-4EBE0B6B1E7C}.Release|Any CPU.Build.0 = Release|Any CPU
		{61FF6BE3-530A-468C-896F-4EBE0B6B1E7C}.Release|Any CPU.Deploy.0 = Release|Any CPU
		{61FF6BE3-530A-468C-896F-4EBE0B6B1E7C}.Release|iPhone.ActiveCfg = Release|Any CPU
		{61FF6BE3-530A-468C-896F-4EBE0B6B1E7C}.Release|iPhone.Build.0 = Release|Any CPU
		{61FF6BE3-530A-468C-896F-4EBE0B6B1E7C}.Release|iPhone.Deploy.0 = Release|Any CPU
		{61FF6BE3-530A-468C-896F-4EBE0B6B1E7C}.Release|iPhoneSimulator.ActiveCfg = Release|Any CPU
		{61FF6BE3-530A-468C-896F-4EBE0B6B1E7C}.Release|iPhoneSimulator.Build.0 = Release|Any CPU
		{61FF6BE3-530A-468C-896F-4EBE0B6B1E7C}.Release|iPhoneSimulator.Deploy.0 = Release|Any CPU
		{1B447C7A-A8BB-4C44-AF9C-C330EFF92922}.Ad-Hoc|Any CPU.ActiveCfg = Ad-Hoc|iPhone
		{1B447C7A-A8BB-4C44-AF9C-C330EFF92922}.Ad-Hoc|iPhone.ActiveCfg = Ad-Hoc|iPhone
		{1B447C7A-A8BB-4C44-AF9C-C330EFF92922}.Ad-Hoc|iPhone.Build.0 = Ad-Hoc|iPhone
		{1B447C7A-A8BB-4C44-AF9C-C330EFF92922}.Ad-Hoc|iPhoneSimulator.ActiveCfg = Ad-Hoc|iPhoneSimulator
		{1B447C7A-A8BB-4C44-AF9C-C330EFF92922}.Ad-Hoc|iPhoneSimulator.Build.0 = Ad-Hoc|iPhoneSimulator
		{1B447C7A-A8BB-4C44-AF9C-C330EFF92922}.AppStore|Any CPU.ActiveCfg = AppStore|iPhone
		{1B447C7A-A8BB-4C44-AF9C-C330EFF92922}.AppStore|iPhone.ActiveCfg = AppStore|iPhone
		{1B447C7A-A8BB-4C44-AF9C-C330EFF92922}.AppStore|iPhone.Build.0 = AppStore|iPhone
		{1B447C7A-A8BB-4C44-AF9C-C330EFF92922}.AppStore|iPhoneSimulator.ActiveCfg = AppStore|iPhoneSimulator
		{1B447C7A-A8BB-4C44-AF9C-C330EFF92922}.AppStore|iPhoneSimulator.Build.0 = AppStore|iPhoneSimulator
		{1B447C7A-A8BB-4C44-AF9C-C330EFF92922}.Debug|Any CPU.ActiveCfg = Debug|iPhone
		{1B447C7A-A8BB-4C44-AF9C-C330EFF92922}.Debug|iPhone.ActiveCfg = Debug|iPhone
		{1B447C7A-A8BB-4C44-AF9C-C330EFF92922}.Debug|iPhone.Build.0 = Debug|iPhone
		{1B447C7A-A8BB-4C44-AF9C-C330EFF92922}.Debug|iPhoneSimulator.ActiveCfg = Debug|iPhoneSimulator
		{1B447C7A-A8BB-4C44-AF9C-C330EFF92922}.Debug|iPhoneSimulator.Build.0 = Debug|iPhoneSimulator
		{1B447C7A-A8BB-4C44-AF9C-C330EFF92922}.Release|Any CPU.ActiveCfg = Release|iPhone
		{1B447C7A-A8BB-4C44-AF9C-C330EFF92922}.Release|iPhone.ActiveCfg = Release|iPhone
		{1B447C7A-A8BB-4C44-AF9C-C330EFF92922}.Release|iPhone.Build.0 = Release|iPhone
		{1B447C7A-A8BB-4C44-AF9C-C330EFF92922}.Release|iPhoneSimulator.ActiveCfg = Release|iPhoneSimulator
		{1B447C7A-A8BB-4C44-AF9C-C330EFF92922}.Release|iPhoneSimulator.Build.0 = Release|iPhoneSimulator
		{C778B957-6FE4-459D-8A8A-998C22DD737D}.Ad-Hoc|Any CPU.ActiveCfg = Debug|Any CPU
		{C778B957-6FE4-459D-8A8A-998C22DD737D}.Ad-Hoc|Any CPU.Build.0 = Debug|Any CPU
		{C778B957-6FE4-459D-8A8A-998C22DD737D}.Ad-Hoc|iPhone.ActiveCfg = Debug|Any CPU
		{C778B957-6FE4-459D-8A8A-998C22DD737D}.Ad-Hoc|iPhone.Build.0 = Debug|Any CPU
		{C778B957-6FE4-459D-8A8A-998C22DD737D}.Ad-Hoc|iPhoneSimulator.ActiveCfg = Debug|Any CPU
		{C778B957-6FE4-459D-8A8A-998C22DD737D}.Ad-Hoc|iPhoneSimulator.Build.0 = Debug|Any CPU
		{C778B957-6FE4-459D-8A8A-998C22DD737D}.AppStore|Any CPU.ActiveCfg = Debug|Any CPU
		{C778B957-6FE4-459D-8A8A-998C22DD737D}.AppStore|Any CPU.Build.0 = Debug|Any CPU
		{C778B957-6FE4-459D-8A8A-998C22DD737D}.AppStore|iPhone.ActiveCfg = Debug|Any CPU
		{C778B957-6FE4-459D-8A8A-998C22DD737D}.AppStore|iPhone.Build.0 = Debug|Any CPU
		{C778B957-6FE4-459D-8A8A-998C22DD737D}.AppStore|iPhoneSimulator.ActiveCfg = Debug|Any CPU
		{C778B957-6FE4-459D-8A8A-998C22DD737D}.AppStore|iPhoneSimulator.Build.0 = Debug|Any CPU
		{C778B957-6FE4-459D-8A8A-998C22DD737D}.Debug|Any CPU.ActiveCfg = Debug|Any CPU
		{C778B957-6FE4-459D-8A8A-998C22DD737D}.Debug|Any CPU.Build.0 = Debug|Any CPU
		{C778B957-6FE4-459D-8A8A-998C22DD737D}.Debug|iPhone.ActiveCfg = Debug|Any CPU
		{C778B957-6FE4-459D-8A8A-998C22DD737D}.Debug|iPhone.Build.0 = Debug|Any CPU
		{C778B957-6FE4-459D-8A8A-998C22DD737D}.Debug|iPhoneSimulator.ActiveCfg = Debug|Any CPU
		{C778B957-6FE4-459D-8A8A-998C22DD737D}.Debug|iPhoneSimulator.Build.0 = Debug|Any CPU
		{C778B957-6FE4-459D-8A8A-998C22DD737D}.Release|Any CPU.ActiveCfg = Release|Any CPU
		{C778B957-6FE4-459D-8A8A-998C22DD737D}.Release|Any CPU.Build.0 = Release|Any CPU
		{C778B957-6FE4-459D-8A8A-998C22DD737D}.Release|iPhone.ActiveCfg = Release|Any CPU
		{C778B957-6FE4-459D-8A8A-998C22DD737D}.Release|iPhone.Build.0 = Release|Any CPU
		{C778B957-6FE4-459D-8A8A-998C22DD737D}.Release|iPhoneSimulator.ActiveCfg = Release|Any CPU
		{C778B957-6FE4-459D-8A8A-998C22DD737D}.Release|iPhoneSimulator.Build.0 = Release|Any CPU
	EndGlobalSection
	GlobalSection(SolutionProperties) = preSolution
		HideSolutionNode = FALSE
	EndGlobalSection
	GlobalSection(ExtensibilityGlobals) = postSolution
		SolutionGuid = {1F9C6A05-DC78-4868-8226-83A3339DC4B7}
	EndGlobalSection
EndGlobal
